PODS:
  - AFNetworking (4.0.1):
    - AFNetworking/NSURLSession (= 4.0.1)
    - AFNetworking/Reachability (= 4.0.1)
    - AFNetworking/Security (= 4.0.1)
    - AFNetworking/Serialization (= 4.0.1)
    - AFNetworking/UIKit (= 4.0.1)
  - AFNetworking/NSURLSession (4.0.1):
    - AFNetworking/Reachability
    - AFNetworking/Security
    - AFNetworking/Serialization
  - AFNetworking/Reachability (4.0.1)
  - AFNetworking/Security (4.0.1)
  - AFNetworking/Serialization (4.0.1)
  - AFNetworking/UIKit (4.0.1):
    - AFNetworking/NSURLSession
  - YYNetworkAdapter (0.1.0):
    - YYNetworkAdapter/Adapter (= 0.1.0)
    - YYNetworkAdapter/Plugin-AFNetworking (= 0.1.0)
  - YYNetworkAdapter/Adapter (0.1.0)
  - YYNetworkAdapter/Plugin-AFNetworking (0.1.0):
    - AFNetworking
    - YYNetworkAdapter/Adapter

DEPENDENCIES:
  - YYNetworkAdapter (from `../`)

SPEC REPOS:
  trunk:
    - AFNetworking

EXTERNAL SOURCES:
  YYNetworkAdapter:
    :path: "../"

SPEC CHECKSUMS:
  AFNetworking: 7864c38297c79aaca1500c33288e429c3451fdce
  YYNetworkAdapter: 9abdc8a338f1c7dbe63362fe030ffcf210e43705

PODFILE CHECKSUM: 72130a79069e27afbd2c941d6dac982b3a1f8e34

COCOAPODS: 1.11.2
